
Microsoft Visual Studio Solution File, Format Version 12.00
# Visual Studio Version 16
VisualStudioVersion = 16.0.30907.101
MinimumVisualStudioVersion = 10.0.40219.1
Project("{FAE04EC0-301F-11D3-BF4B-00C04F79EFBC}") = "qr code", "qr code\qr code.csproj", "{F4F08D34-14CA-4734-B5B4-693B40C7AD69}"
EndProject
Global
	GlobalSection(SolutionConfigurationPlatforms) = preSolution
		Debug|Any CPU = Debug|Any CPU
		Release|Any CPU = Release|Any CPU
	EndGlobalSection
	GlobalSection(ProjectConfigurationPlatforms) = postSolution
		{F4F08D34-14CA-4734-B5B4-693B40C7AD69}.Debug|Any CPU.ActiveCfg = Debug|Any CPU
		{F4F08D34-14CA-4734-B5B4-693B40C7AD69}.Debug|Any CPU.Build.0 = Debug|Any CPU
		{F4F08D34-14CA-4734-B5B4-693B40C7AD69}.Release|Any CPU.ActiveCfg = Release|Any CPU
		{F4F08D34-14CA-4734-B5B4-693B40C7AD69}.Release|Any CPU.Build.0 = Release|Any CPU
	EndGlobalSection
	GlobalSection(SolutionProperties) = preSolution
		HideSolutionNode = FALSE
	EndGlobalSection
	GlobalSection(ExtensibilityGlobals) = postSolution
		SolutionGuid = {AFC6560F-880F-4F1B-AA6D-A8BE05FE6781}
	EndGlobalSection
EndGlobal
